
Microsoft Visual Studio Solution File, Format Version 12.00
# Visual Studio 15
VisualStudioVersion = 15.0.28307.757
MinimumVisualStudioVersion = 10.0.40219.1
Project("{FAE04EC0-301F-11D3-BF4B-00C04F79EFBC}") = "EF_test", "EF_test\EF_test.csproj", "{0D591620-73D6-490E-A7C9-3C9E3D58AD8E}"
EndProject
Global
	GlobalSection(SolutionConfigurationPlatforms) = preSolution
		Debug|Any CPU = Debug|Any CPU
		Release|Any CPU = Release|Any CPU
	EndGlobalSection
	GlobalSection(ProjectConfigurationPlatforms) = postSolution
		{0D591620-73D6-490E-A7C9-3C9E3D58AD8E}.Debug|Any CPU.ActiveCfg = Debug|Any CPU
		{0D591620-73D6-490E-A7C9-3C9E3D58AD8E}.Debug|Any CPU.Build.0 = Debug|Any CPU
		{0D591620-73D6-490E-A7C9-3C9E3D58AD8E}.Release|Any CPU.ActiveCfg = Release|Any CPU
		{0D591620-73D6-490E-A7C9-3C9E3D58AD8E}.Release|Any CPU.Build.0 = Release|Any CPU
	EndGlobalSection
	GlobalSection(SolutionProperties) = preSolution
		HideSolutionNode = FALSE
	EndGlobalSection
	GlobalSection(ExtensibilityGlobals) = postSolution
		SolutionGuid = {6FE65DC6-18E2-4D4D-81F7-3EEC9DF05AE8}
	EndGlobalSection
EndGlobal
